
Microsoft Visual Studio Solution File, Format Version 12.00
# Visual Studio Version 17
VisualStudioVersion = 17.9.34723.18
MinimumVisualStudioVersion = 10.0.40219.1
Project("{9A19103F-16F7-4668-BE54-9A1E7A4F7556}") = "ToDoApplicationAPI", "ToDoApplicationAPI\ToDoApplicationAPI.csproj", "{A0BCF1E2-B2AA-41C3-A961-F5E7240CA6A2}"
EndProject
Project("{FAE04EC0-301F-11D3-BF4B-00C04F79EFBC}") = "TodoApplicationTest", "TodoApplicationTest\TodoApplicationTest.csproj", "{90EFB394-EAA5-4CE2-9264-A94E2DEEFB70}"
EndProject
Global
	GlobalSection(SolutionConfigurationPlatforms) = preSolution
		Debug|Any CPU = Debug|Any CPU
		Release|Any CPU = Release|Any CPU
	EndGlobalSection
	GlobalSection(ProjectConfigurationPlatforms) = postSolution
		{A0BCF1E2-B2AA-41C3-A961-F5E7240CA6A2}.Debug|Any CPU.ActiveCfg = Debug|Any CPU
		{A0BCF1E2-B2AA-41C3-A961-F5E7240CA6A2}.Debug|Any CPU.Build.0 = Debug|Any CPU
		{A0BCF1E2-B2AA-41C3-A961-F5E7240CA6A2}.Release|Any CPU.ActiveCfg = Release|Any CPU
		{A0BCF1E2-B2AA-41C3-A961-F5E7240CA6A2}.Release|Any CPU.Build.0 = Release|Any CPU
		{90EFB394-EAA5-4CE2-9264-A94E2DEEFB70}.Debug|Any CPU.ActiveCfg = Debug|Any CPU
		{90EFB394-EAA5-4CE2-9264-A94E2DEEFB70}.Debug|Any CPU.Build.0 = Debug|Any CPU
		{90EFB394-EAA5-4CE2-9264-A94E2DEEFB70}.Release|Any CPU.ActiveCfg = Release|Any CPU
		{90EFB394-EAA5-4CE2-9264-A94E2DEEFB70}.Release|Any CPU.Build.0 = Release|Any CPU
	EndGlobalSection
	GlobalSection(SolutionProperties) = preSolution
		HideSolutionNode = FALSE
	EndGlobalSection
	GlobalSection(ExtensibilityGlobals) = postSolution
		SolutionGuid = {BE53790B-1350-4FE6-9135-35EF8B1BC680}
	EndGlobalSection
EndGlobal
